
Microsoft Visual Studio Solution File, Format Version 12.00
# Visual Studio Version 16
VisualStudioVersion = 16.0.31515.178
MinimumVisualStudioVersion = 10.0.40219.1
Project("{888888A0-9F3D-457C-B088-3A5042F75D52}") = "A_Giordano_CIS261_Project2", "A_Giordano_CIS261_Project2.pyproj", "{12FF56B1-6772-4F74-BEE2-CAF67DDE2148}"
EndProject
Global
	GlobalSection(SolutionConfigurationPlatforms) = preSolution
		Debug|Any CPU = Debug|Any CPU
		Release|Any CPU = Release|Any CPU
	EndGlobalSection
	GlobalSection(ProjectConfigurationPlatforms) = postSolution
		{12FF56B1-6772-4F74-BEE2-CAF67DDE2148}.Debug|Any CPU.ActiveCfg = Debug|Any CPU
		{12FF56B1-6772-4F74-BEE2-CAF67DDE2148}.Release|Any CPU.ActiveCfg = Release|Any CPU
	EndGlobalSection
	GlobalSection(SolutionProperties) = preSolution
		HideSolutionNode = FALSE
	EndGlobalSection
	GlobalSection(ExtensibilityGlobals) = postSolution
		SolutionGuid = {FB1E851D-5FB7-4E2F-A970-C3BFD680EE28}
	EndGlobalSection
EndGlobal
